{
  "name": "Mob2",
  "lockfileVersion": 2,
  "requires": true,
  "packages": {
    "": {
      "devDependencies": {
        "@types/react-native-sqlite-storage": "^5.0.2"
      }
    },
    "node_modules/@types/react-native-sqlite-storage": {
      "version": "5.0.2",
      "resolved": "https://registry.npmjs.org/@types/react-native-sqlite-storage/-/react-native-sqlite-storage-5.0.2.tgz",
      "integrity": "sha512-L3dbsBnvk5OmsaMFSJZHQaAJzCJ6oav3Muvs6e7FBTaj3zPIO0ju+ftfZEh3Kh7YtIl+nfiZKF+BIo9VufjL9A==",
      "dev": true
    }
  },
  "dependencies": {
    "@types/react-native-sqlite-storage": {
      "version": "5.0.2",
      "resolved": "https://registry.npmjs.org/@types/react-native-sqlite-storage/-/react-native-sqlite-storage-5.0.2.tgz",
      "integrity": "sha512-L3dbsBnvk5OmsaMFSJZHQaAJzCJ6oav3Muvs6e7FBTaj3zPIO0ju+ftfZEh3Kh7YtIl+nfiZKF+BIo9VufjL9A==",
      "dev": true
    }
  }
}
