# THIS IS AN AUTOGENERATED FILE. DO NOT EDIT THIS FILE DIRECTLY.
# yarn lockfile v1


"@types/react-native-sqlite-storage@^5.0.2":
  version "5.0.2"
  resolved "https://registry.yarnpkg.com/@types/react-native-sqlite-storage/-/react-native-sqlite-storage-5.0.2.tgz#eefcc9ea6ff73043bb2945023fa8ee721683b61b"
  integrity sha512-L3dbsBnvk5OmsaMFSJZHQaAJzCJ6oav3Muvs6e7FBTaj3zPIO0ju+ftfZEh3Kh7YtIl+nfiZKF+BIo9VufjL9A==
